# THIS IS AN AUTOGENERATED FILE. DO NOT EDIT THIS FILE DIRECTLY.
# yarn lockfile v1


react-webcam@^5.2.3:
  version "5.2.3"
  resolved "https://registry.yarnpkg.com/react-webcam/-/react-webcam-5.2.3.tgz#be1ca38694c31a33220cc8ab9ce341358a03bcbc"
  integrity sha512-7rBh4Veeumpy45ObkZCsG6zezaamkwK5Iqxc0AFhX2ZzWQZXZ+f61yJ1yIb9Y62U4d7KkfP/xEduBCRzzcN4Dw==
